
Microsoft Visual Studio Solution File, Format Version 12.00
# Visual Studio Version 17
VisualStudioVersion = 17.14.36518.9 d17.14
MinimumVisualStudioVersion = 10.0.40219.1
Project("{FAE04EC0-301F-11D3-BF4B-00C04F79EFBC}") = "Programa de csharp de prueba", "Programa de csharp de prueba\Programa de csharp de prueba.csproj", "{73735822-86C4-471D-B0F9-FE276D0B1EDD}"
EndProject
Global
	GlobalSection(SolutionConfigurationPlatforms) = preSolution
		Debug|Any CPU = Debug|Any CPU
		Release|Any CPU = Release|Any CPU
	EndGlobalSection
	GlobalSection(ProjectConfigurationPlatforms) = postSolution
		{73735822-86C4-471D-B0F9-FE276D0B1EDD}.Debug|Any CPU.ActiveCfg = Debug|Any CPU
		{73735822-86C4-471D-B0F9-FE276D0B1EDD}.Debug|Any CPU.Build.0 = Debug|Any CPU
		{73735822-86C4-471D-B0F9-FE276D0B1EDD}.Release|Any CPU.ActiveCfg = Release|Any CPU
		{73735822-86C4-471D-B0F9-FE276D0B1EDD}.Release|Any CPU.Build.0 = Release|Any CPU
	EndGlobalSection
	GlobalSection(SolutionProperties) = preSolution
		HideSolutionNode = FALSE
	EndGlobalSection
	GlobalSection(ExtensibilityGlobals) = postSolution
		SolutionGuid = {96E2D64B-3A96-487C-AC14-6B1F39E5FA67}
	EndGlobalSection
EndGlobal
